Microsoft Visual Studio Solution File, Format Version 11.00
# Visual C# Express 2010
Project("{FAE04EC0-301F-11D3-BF4B-00C04F79EFBC}") = "Console.GUI", "Console.GUI\Console.GUI.csproj", "{AF3B0ADA-B907-4F97-871A-E12D64F0B97A}"
EndProject
Project("{FAE04EC0-301F-11D3-BF4B-00C04F79EFBC}") = "Console.Lib", "Console.Lib\Console.Lib.csproj", "{23FDEA43-C442-453E-AA8C-C407070E514D}"
EndProject
Global
	GlobalSection(SolutionConfigurationPlatforms) = preSolution
		Debug|Any CPU = Debug|Any CPU
		Debug|Mixed Platforms = Debug|Mixed Platforms
		Debug|x86 = Debug|x86
		Release|Any CPU = Release|Any CPU
		Release|Mixed Platforms = Release|Mixed Platforms
		Release|x86 = Release|x86
	EndGlobalSection
	GlobalSection(ProjectConfigurationPlatforms) = postSolution
		{AF3B0ADA-B907-4F97-871A-E12D64F0B97A}.Debug|Any CPU.ActiveCfg = Debug|x86
		{AF3B0ADA-B907-4F97-871A-E12D64F0B97A}.Debug|Mixed Platforms.ActiveCfg = Debug|x86
		{AF3B0ADA-B907-4F97-871A-E12D64F0B97A}.Debug|Mixed Platforms.Build.0 = Debug|x86
		{AF3B0ADA-B907-4F97-871A-E12D64F0B97A}.Debug|x86.ActiveCfg = Debug|x86
		{AF3B0ADA-B907-4F97-871A-E12D64F0B97A}.Debug|x86.Build.0 = Debug|x86
		{AF3B0ADA-B907-4F97-871A-E12D64F0B97A}.Release|Any CPU.ActiveCfg = Release|x86
		{AF3B0ADA-B907-4F97-871A-E12D64F0B97A}.Release|Mixed Platforms.ActiveCfg = Release|x86
		{AF3B0ADA-B907-4F97-871A-E12D64F0B97A}.Release|Mixed Platforms.Build.0 = Release|x86
		{AF3B0ADA-B907-4F97-871A-E12D64F0B97A}.Release|x86.ActiveCfg = Release|x86
		{AF3B0ADA-B907-4F97-871A-E12D64F0B97A}.Release|x86.Build.0 = Release|x86
		{23FDEA43-C442-453E-AA8C-C407070E514D}.Debug|Any CPU.ActiveCfg = Debug|Any CPU
		{23FDEA43-C442-453E-AA8C-C407070E514D}.Debug|Any CPU.Build.0 = Debug|Any CPU
		{23FDEA43-C442-453E-AA8C-C407070E514D}.Debug|Mixed Platforms.ActiveCfg = Debug|Any CPU
		{23FDEA43-C442-453E-AA8C-C407070E514D}.Debug|Mixed Platforms.Build.0 = Debug|Any CPU
		{23FDEA43-C442-453E-AA8C-C407070E514D}.Debug|x86.ActiveCfg = Debug|Any CPU
		{23FDEA43-C442-453E-AA8C-C407070E514D}.Release|Any CPU.ActiveCfg = Release|Any CPU
		{23FDEA43-C442-453E-AA8C-C407070E514D}.Release|Any CPU.Build.0 = Release|Any CPU
		{23FDEA43-C442-453E-AA8C-C407070E514D}.Release|Mixed Platforms.ActiveCfg = Release|Any CPU
		{23FDEA43-C442-453E-AA8C-C407070E514D}.Release|Mixed Platforms.Build.0 = Release|Any CPU
		{23FDEA43-C442-453E-AA8C-C407070E514D}.Release|x86.ActiveCfg = Release|Any CPU
	EndGlobalSection
	GlobalSection(SolutionProperties) = preSolution
		HideSolutionNode = FALSE
	EndGlobalSection
EndGlobal
